
Microsoft Visual Studio Solution File, Format Version 12.00
# Visual Studio 15
VisualStudioVersion = 15.0.26124.0
MinimumVisualStudioVersion = 15.0.26124.0
Project("{FAE04EC0-301F-11D3-BF4B-00C04F79EFBC}") = "APICalculaJuros", "APICalculaJuros\APICalculaJuros.csproj", "{6A4E0869-2526-421D-B38C-85AE31DBF539}"
EndProject
Project("{FAE04EC0-301F-11D3-BF4B-00C04F79EFBC}") = "APITaxaJuros", "APITaxaJuros\APITaxaJuros.csproj", "{5FB3063C-0640-497F-82F0-E22F61261257}"
EndProject
Project("{FAE04EC0-301F-11D3-BF4B-00C04F79EFBC}") = "APICalculaJurosTest", "APICalculaJurosTest\APICalculaJurosTest.csproj", "{BF5879BF-2CE5-4241-8B28-2199D6E29D3F}"
EndProject
Project("{FAE04EC0-301F-11D3-BF4B-00C04F79EFBC}") = "APITaxaJurosTest", "APITaxaJurosTest\APITaxaJurosTest.csproj", "{1E0C649A-221A-4033-96C6-8BE448232F2E}"
EndProject
Global
	GlobalSection(SolutionConfigurationPlatforms) = preSolution
		Debug|Any CPU = Debug|Any CPU
		Debug|x64 = Debug|x64
		Debug|x86 = Debug|x86
		Release|Any CPU = Release|Any CPU
		Release|x64 = Release|x64
		Release|x86 = Release|x86
	EndGlobalSection
	GlobalSection(SolutionProperties) = preSolution
		HideSolutionNode = FALSE
	EndGlobalSection
	GlobalSection(ProjectConfigurationPlatforms) = postSolution
		{6A4E0869-2526-421D-B38C-85AE31DBF539}.Debug|Any CPU.ActiveCfg = Debug|Any CPU
		{6A4E0869-2526-421D-B38C-85AE31DBF539}.Debug|Any CPU.Build.0 = Debug|Any CPU
		{6A4E0869-2526-421D-B38C-85AE31DBF539}.Debug|x64.ActiveCfg = Debug|Any CPU
		{6A4E0869-2526-421D-B38C-85AE31DBF539}.Debug|x64.Build.0 = Debug|Any CPU
		{6A4E0869-2526-421D-B38C-85AE31DBF539}.Debug|x86.ActiveCfg = Debug|Any CPU
		{6A4E0869-2526-421D-B38C-85AE31DBF539}.Debug|x86.Build.0 = Debug|Any CPU
		{6A4E0869-2526-421D-B38C-85AE31DBF539}.Release|Any CPU.ActiveCfg = Release|Any CPU
		{6A4E0869-2526-421D-B38C-85AE31DBF539}.Release|Any CPU.Build.0 = Release|Any CPU
		{6A4E0869-2526-421D-B38C-85AE31DBF539}.Release|x64.ActiveCfg = Release|Any CPU
		{6A4E0869-2526-421D-B38C-85AE31DBF539}.Release|x64.Build.0 = Release|Any CPU
		{6A4E0869-2526-421D-B38C-85AE31DBF539}.Release|x86.ActiveCfg = Release|Any CPU
		{6A4E0869-2526-421D-B38C-85AE31DBF539}.Release|x86.Build.0 = Release|Any CPU
		{5FB3063C-0640-497F-82F0-E22F61261257}.Debug|Any CPU.ActiveCfg = Debug|Any CPU
		{5FB3063C-0640-497F-82F0-E22F61261257}.Debug|Any CPU.Build.0 = Debug|Any CPU
		{5FB3063C-0640-497F-82F0-E22F61261257}.Debug|x64.ActiveCfg = Debug|Any CPU
		{5FB3063C-0640-497F-82F0-E22F61261257}.Debug|x64.Build.0 = Debug|Any CPU
		{5FB3063C-0640-497F-82F0-E22F61261257}.Debug|x86.ActiveCfg = Debug|Any CPU
		{5FB3063C-0640-497F-82F0-E22F61261257}.Debug|x86.Build.0 = Debug|Any CPU
		{5FB3063C-0640-497F-82F0-E22F61261257}.Release|Any CPU.ActiveCfg = Release|Any CPU
		{5FB3063C-0640-497F-82F0-E22F61261257}.Release|Any CPU.Build.0 = Release|Any CPU
		{5FB3063C-0640-497F-82F0-E22F61261257}.Release|x64.ActiveCfg = Release|Any CPU
		{5FB3063C-0640-497F-82F0-E22F61261257}.Release|x64.Build.0 = Release|Any CPU
		{5FB3063C-0640-497F-82F0-E22F61261257}.Release|x86.ActiveCfg = Release|Any CPU
		{5FB3063C-0640-497F-82F0-E22F61261257}.Release|x86.Build.0 = Release|Any CPU
		{BF5879BF-2CE5-4241-8B28-2199D6E29D3F}.Debug|Any CPU.ActiveCfg = Debug|Any CPU
		{BF5879BF-2CE5-4241-8B28-2199D6E29D3F}.Debug|Any CPU.Build.0 = Debug|Any CPU
		{BF5879BF-2CE5-4241-8B28-2199D6E29D3F}.Debug|x64.ActiveCfg = Debug|Any CPU
		{BF5879BF-2CE5-4241-8B28-2199D6E29D3F}.Debug|x64.Build.0 = Debug|Any CPU
		{BF5879BF-2CE5-4241-8B28-2199D6E29D3F}.Debug|x86.ActiveCfg = Debug|Any CPU
		{BF5879BF-2CE5-4241-8B28-2199D6E29D3F}.Debug|x86.Build.0 = Debug|Any CPU
		{BF5879BF-2CE5-4241-8B28-2199D6E29D3F}.Release|Any CPU.ActiveCfg = Release|Any CPU
		{BF5879BF-2CE5-4241-8B28-2199D6E29D3F}.Release|Any CPU.Build.0 = Release|Any CPU
		{BF5879BF-2CE5-4241-8B28-2199D6E29D3F}.Release|x64.ActiveCfg = Release|Any CPU
		{BF5879BF-2CE5-4241-8B28-2199D6E29D3F}.Release|x64.Build.0 = Release|Any CPU
		{BF5879BF-2CE5-4241-8B28-2199D6E29D3F}.Release|x86.ActiveCfg = Release|Any CPU
		{BF5879BF-2CE5-4241-8B28-2199D6E29D3F}.Release|x86.Build.0 = Release|Any CPU
		{1E0C649A-221A-4033-96C6-8BE448232F2E}.Debug|Any CPU.ActiveCfg = Debug|Any CPU
		{1E0C649A-221A-4033-96C6-8BE448232F2E}.Debug|Any CPU.Build.0 = Debug|Any CPU
		{1E0C649A-221A-4033-96C6-8BE448232F2E}.Debug|x64.ActiveCfg = Debug|Any CPU
		{1E0C649A-221A-4033-96C6-8BE448232F2E}.Debug|x64.Build.0 = Debug|Any CPU
		{1E0C649A-221A-4033-96C6-8BE448232F2E}.Debug|x86.ActiveCfg = Debug|Any CPU
		{1E0C649A-221A-4033-96C6-8BE448232F2E}.Debug|x86.Build.0 = Debug|Any CPU
		{1E0C649A-221A-4033-96C6-8BE448232F2E}.Release|Any CPU.ActiveCfg = Release|Any CPU
		{1E0C649A-221A-4033-96C6-8BE448232F2E}.Release|Any CPU.Build.0 = Release|Any CPU
		{1E0C649A-221A-4033-96C6-8BE448232F2E}.Release|x64.ActiveCfg = Release|Any CPU
		{1E0C649A-221A-4033-96C6-8BE448232F2E}.Release|x64.Build.0 = Release|Any CPU
		{1E0C649A-221A-4033-96C6-8BE448232F2E}.Release|x86.ActiveCfg = Release|Any CPU
		{1E0C649A-221A-4033-96C6-8BE448232F2E}.Release|x86.Build.0 = Release|Any CPU
	EndGlobalSection
EndGlobal
